
Microsoft Visual Studio Solution File, Format Version 12.00
# Visual Studio Version 17
VisualStudioVersion = 17.4.33110.190
MinimumVisualStudioVersion = 10.0.40219.1
Project("{FAE04EC0-301F-11D3-BF4B-00C04F79EFBC}") = "Blog", "Blog\Blog.csproj", "{66D514E2-BA87-46AA-855A-37C787DEB1B2}"
EndProject
Global
	GlobalSection(SolutionConfigurationPlatforms) = preSolution
		Debug|Any CPU = Debug|Any CPU
		Release|Any CPU = Release|Any CPU
	EndGlobalSection
	GlobalSection(ProjectConfigurationPlatforms) = postSolution
		{66D514E2-BA87-46AA-855A-37C787DEB1B2}.Debug|Any CPU.ActiveCfg = Debug|Any CPU
		{66D514E2-BA87-46AA-855A-37C787DEB1B2}.Debug|Any CPU.Build.0 = Debug|Any CPU
		{66D514E2-BA87-46AA-855A-37C787DEB1B2}.Release|Any CPU.ActiveCfg = Release|Any CPU
		{66D514E2-BA87-46AA-855A-37C787DEB1B2}.Release|Any CPU.Build.0 = Release|Any CPU
	EndGlobalSection
	GlobalSection(SolutionProperties) = preSolution
		HideSolutionNode = FALSE
	EndGlobalSection
	GlobalSection(ExtensibilityGlobals) = postSolution
		SolutionGuid = {BA2DFA71-9B61-4D39-92C3-6E9CDBF5F676}
	EndGlobalSection
EndGlobal
